<?xml version="1.0" encoding="utf-8"?>
<Project ToolsVersion="4.0" xmlns="http://schemas.microsoft.com/developer/msbuild/2003">
  <ItemGroup>
    <ClCompile Include="src\ofApp.cpp">
      <Filter>src</Filter>
    </ClCompile>
    <ClCompile Include="src\main.cpp">
      <Filter>src</Filter>
    </ClCompile>
    <ClCompile Include="src\Opdracht1\AssignmentOne.cpp">
      <Filter>src\Opdracht1</Filter>
    </ClCompile>
    <ClCompile Include="src\Opdracht1\Module.cpp">
      <Filter>src\Opdracht1</Filter>
    </ClCompile>
    <ClCompile Include="src\Opdracht1\Student.cpp">
      <Filter>src\Opdracht1</Filter>
    </ClCompile>
    <ClCompile Include="src\Opdracht1\Teacher.cpp">
      <Filter>src\Opdracht1</Filter>
    </ClCompile>
    <ClCompile Include="src\Opdracht2\Board.cpp">
      <Filter>src\Opdracht2</Filter>
    </ClCompile>
    <ClCompile Include="src\Opdracht3\AssignmentThree.cpp">
      <Filter>src\Opdracht3</Filter>
    </ClCompile>
    <ClCompile Include="src\Opdracht4\AssignmentFour.cpp">
      <Filter>src\Opdracht4</Filter>
    </ClCompile>
    <ClCompile Include="src\Opdracht2\Strategies\DominosStrategy.cpp">
      <Filter>src\Opdracht2\Strategies</Filter>
    </ClCompile>
    <ClCompile Include="src\Opdracht2\Strategies\OddStrategy.cpp">
      <Filter>src\Opdracht2\Strategies</Filter>
    </ClCompile>
    <ClCompile Include="src\Opdracht2\Strategies\ConwayStrategy.cpp">
      <Filter>src\Opdracht2\Strategies</Filter>
    </ClCompile>
    <ClCompile Include="src\Opdracht5\AssignmentFive.cpp" />
  </ItemGroup>
  <ItemGroup>
    <Filter Include="src">
      <UniqueIdentifier>{d8376475-7454-4a24-b08a-aac121d3ad6f}</UniqueIdentifier>
    </Filter>
    <Filter Include="addons">
      <UniqueIdentifier>{fcc622f4-cfc2-4709-9790-70b8c843efed}</UniqueIdentifier>
    </Filter>
    <Filter Include="src\Opdracht1">
      <UniqueIdentifier>{4f2b0437-35e0-40dd-ad8d-948ac2c6125c}</UniqueIdentifier>
    </Filter>
    <Filter Include="src\Opdracht2">
      <UniqueIdentifier>{f2db1647-901f-41ea-9656-49f2fa98c3ab}</UniqueIdentifier>
    </Filter>
    <Filter Include="src\Opdracht2\Strategies">
      <UniqueIdentifier>{122ecbd4-266a-4d3d-8fef-9b0632078134}</UniqueIdentifier>
    </Filter>
    <Filter Include="src\Opdracht3">
      <UniqueIdentifier>{9a97a5d1-5cd0-4dd2-a870-1665999198a2}</UniqueIdentifier>
    </Filter>
    <Filter Include="src\Opdracht4">
      <UniqueIdentifier>{74dba9a3-7f00-45b9-8953-ea0e259768e0}</UniqueIdentifier>
    </Filter>
  </ItemGroup>
  <ItemGroup>
    <ClInclude Include="src\ofApp.h">
      <Filter>src</Filter>
    </ClInclude>
    <ClInclude Include="src\Opdracht1\AssignmentOne.h">
      <Filter>src\Opdracht1</Filter>
    </ClInclude>
    <ClInclude Include="src\Opdracht1\Module.h">
      <Filter>src\Opdracht1</Filter>
    </ClInclude>
    <ClInclude Include="src\Opdracht1\Student.h">
      <Filter>src\Opdracht1</Filter>
    </ClInclude>
    <ClInclude Include="src\Opdracht1\Teacher.h">
      <Filter>src\Opdracht1</Filter>
    </ClInclude>
    <ClInclude Include="src\Opdracht2\AssignmentTwo.h">
      <Filter>src\Opdracht2</Filter>
    </ClInclude>
    <ClInclude Include="src\Opdracht2\Board.h">
      <Filter>src\Opdracht2</Filter>
    </ClInclude>
    <ClInclude Include="src\Opdracht2\Cell.h">
      <Filter>src\Opdracht2</Filter>
    </ClInclude>
    <ClInclude Include="src\Opdracht3\AssignmentThree.h">
      <Filter>src\Opdracht3</Filter>
    </ClInclude>
    <ClInclude Include="src\Opdracht3\Boy.h">
      <Filter>src\Opdracht3</Filter>
    </ClInclude>
    <ClInclude Include="src\Opdracht3\Elf.h">
      <Filter>src\Opdracht3</Filter>
    </ClInclude>
    <ClInclude Include="src\Opdracht3\FarmerRole.h">
      <Filter>src\Opdracht3</Filter>
    </ClInclude>
    <ClInclude Include="src\Opdracht3\Orc.h">
      <Filter>src\Opdracht3</Filter>
    </ClInclude>
    <ClInclude Include="src\Opdracht3\RoleDecorator.h">
      <Filter>src\Opdracht3</Filter>
    </ClInclude>
    <ClInclude Include="src\Opdracht3\ShamanRole.h">
      <Filter>src\Opdracht3</Filter>
    </ClInclude>
    <ClInclude Include="src\Opdracht3\SoldierRole.h">
      <Filter>src\Opdracht3</Filter>
    </ClInclude>
    <ClInclude Include="src\Opdracht4\AssignmentFour.h">
      <Filter>src\Opdracht4</Filter>
    </ClInclude>
    <ClInclude Include="src\Opdracht4\Queue.h">
      <Filter>src\Opdracht4</Filter>
    </ClInclude>
    <ClInclude Include="src\Assignment.h" />
    <ClInclude Include="src\Opdracht2\Strategies\DominosStrategy.h">
      <Filter>src\Opdracht2\Strategies</Filter>
    </ClInclude>
    <ClInclude Include="src\Opdracht2\Strategies\OddStrategy.h">
      <Filter>src\Opdracht2\Strategies</Filter>
    </ClInclude>
    <ClInclude Include="src\Opdracht2\Strategies\Strategy.h">
      <Filter>src\Opdracht2\Strategies</Filter>
    </ClInclude>
    <ClInclude Include="src\Opdracht2\Strategies\ConwayStrategy.h">
      <Filter>src\Opdracht2\Strategies</Filter>
    </ClInclude>
    <ClInclude Include="src\Opdracht5\AssignmentFive.h" />
    <ClInclude Include="src\Opdracht5\concurrent_vector.h" />
  </ItemGroup>
  <ItemGroup>
    <ResourceCompile Include="icon.rc" />
  </ItemGroup>
</Project>